// !$*UTF8*$!
{
	archiveVersion = 1;
	classes = {
	};
	objectVersion = 46;
	objects = {

/* Begin PBXBuildFile section */
		5723312F1F67EB1400ECA78E /* AppDelegate.swift in Sources */ = {isa = PBXBuildFile; fileRef = 5723312E1F67EB1400ECA78E /* AppDelegate.swift */; };
		572331311F67EB1400ECA78E /* ViewController.swift in Sources */ = {isa = PBXBuildFile; fileRef = 572331301F67EB1400ECA78E /* ViewController.swift */; };
		572331341F67EB1400ECA78E /* Main.storyboard in Resources */ = {isa = PBXBuildFile; fileRef = 572331321F67EB1400ECA78E /* Main.storyboard */; };
		572331361F67EB1400ECA78E /* Assets.xcassets in Resources */ = {isa = PBXBuildFile; fileRef = 572331351F67EB1400ECA78E /* Assets.xcassets */; };
		572331391F67EB1400ECA78E /* LaunchScreen.storyboard in Resources */ = {isa = PBXBuildFile; fileRef = 572331371F67EB1400ECA78E /* LaunchScreen.storyboard */; };
		572331421F67F96000ECA78E /* TestViewController.swift in Sources */ = {isa = PBXBuildFile; fileRef = 572331401F67F96000ECA78E /* TestViewController.swift */; };
		572331431F67F96000ECA78E /* TestViewController.xib in Resources */ = {isa = PBXBuildFile; fileRef = 572331411F67F96000ECA78E /* TestViewController.xib */; };
		572331461F68099F00ECA78E /* JsonRealmViewController.swift in Sources */ = {isa = PBXBuildFile; fileRef = 572331441F68099F00ECA78E /* JsonRealmViewController.swift */; };
		572331471F68099F00ECA78E /* JsonRealmViewController.xib in Resources */ = {isa = PBXBuildFile; fileRef = 572331451F68099F00ECA78E /* JsonRealmViewController.xib */; };
		5727ECBF1F692935003F65E2 /* LanguageModel.swift in Sources */ = {isa = PBXBuildFile; fileRef = 5727ECBE1F692935003F65E2 /* LanguageModel.swift */; };
		574288131FF21C3C006A19B5 /* NetworkView.xib in Resources */ = {isa = PBXBuildFile; fileRef = 574288121FF21C3C006A19B5 /* NetworkView.xib */; };
		574288151FF21CD6006A19B5 /* NetworkView.swift in Sources */ = {isa = PBXBuildFile; fileRef = 574288141FF21CD6006A19B5 /* NetworkView.swift */; };
		574288171FF21F42006A19B5 /* Helper.swift in Sources */ = {isa = PBXBuildFile; fileRef = 574288161FF21F42006A19B5 /* Helper.swift */; };
		57B173991FF36E380003F853 /* NibView.swift in Sources */ = {isa = PBXBuildFile; fileRef = 57B173981FF36E380003F853 /* NibView.swift */; };
		9A876986300E6FB761DEB7B7 /* Pods_RealmDatabase.framework in Frameworks */ = {isa = PBXBuildFile; fileRef = 88D1F542B2F6267853A72A53 /* Pods_RealmDatabase.framework */; };
/* End PBXBuildFile section */

/* Begin PBXFileReference section */
		50C8DAB656E6EB7C776D875F /* Pods-RealmDatabase.debug.xcconfig */ = {isa = PBXFileReference; includeInIndex = 1; lastKnownFileType = text.xcconfig; name = "Pods-RealmDatabase.debug.xcconfig"; path = "Pods/Target Support Files/Pods-RealmDatabase/Pods-RealmDatabase.debug.xcconfig"; sourceTree = "<group>"; };
		5723312B1F67EB1400ECA78E /* RealmDatabase.app */ = {isa = PBXFileReference; explicitFileType = wrapper.application; includeInIndex = 0; path = RealmDatabase.app; sourceTree = BUILT_PRODUCTS_DIR; };
		5723312E1F67EB1400ECA78E /* AppDelegate.swift */ = {isa = PBXFileReference; lastKnownFileType = sourcecode.swift; path = AppDelegate.swift; sourceTree = "<group>"; };
		572331301F67EB1400ECA78E /* ViewController.swift */ = {isa = PBXFileReference; lastKnownFileType = sourcecode.swift; path = ViewController.swift; sourceTree = "<group>"; };
		572331331F67EB1400ECA78E /* Base */ = {isa = PBXFileReference; lastKnownFileType = file.storyboard; name = Base; path = Base.lproj/Main.storyboard; sourceTree = "<group>"; };
		572331351F67EB1400ECA78E /* Assets.xcassets */ = {isa = PBXFileReference; lastKnownFileType = folder.assetcatalog; path = Assets.xcassets; sourceTree = "<group>"; };
		572331381F67EB1400ECA78E /* Base */ = {isa = PBXFileReference; lastKnownFileType = file.storyboard; name = Base; path = Base.lproj/LaunchScreen.storyboard; sourceTree = "<group>"; };
		5723313A1F67EB1400ECA78E /* Info.plist */ = {isa = PBXFileReference; lastKnownFileType = text.plist.xml; path = Info.plist; sourceTree = "<group>"; };
		572331401F67F96000ECA78E /* TestViewController.swift */ = {isa = PBXFileReference; fileEncoding = 4; lastKnownFileType = sourcecode.swift; path = TestViewController.swift; sourceTree = "<group>"; };
		572331411F67F96000ECA78E /* TestViewController.xib */ = {isa = PBXFileReference; fileEncoding = 4; lastKnownFileType = file.xib; path = TestViewController.xib; sourceTree = "<group>"; };
		572331441F68099F00ECA78E /* JsonRealmViewController.swift */ = {isa = PBXFileReference; fileEncoding = 4; lastKnownFileType = sourcecode.swift; path = JsonRealmViewController.swift; sourceTree = "<group>"; };
		572331451F68099F00ECA78E /* JsonRealmViewController.xib */ = {isa = PBXFileReference; fileEncoding = 4; lastKnownFileType = file.xib; path = JsonRealmViewController.xib; sourceTree = "<group>"; };
		5727ECBE1F692935003F65E2 /* LanguageModel.swift */ = {isa = PBXFileReference; fileEncoding = 4; lastKnownFileType = sourcecode.swift; path = LanguageModel.swift; sourceTree = "<group>"; };
		574288121FF21C3C006A19B5 /* NetworkView.xib */ = {isa = PBXFileReference; lastKnownFileType = file.xib; path = NetworkView.xib; sourceTree = "<group>"; };
		574288141FF21CD6006A19B5 /* NetworkView.swift */ = {isa = PBXFileReference; lastKnownFileType = sourcecode.swift; path = NetworkView.swift; sourceTree = "<group>"; };
		574288161FF21F42006A19B5 /* Helper.swift */ = {isa = PBXFileReference; lastKnownFileType = sourcecode.swift; path = Helper.swift; sourceTree = "<group>"; };
		57B173981FF36E380003F853 /* NibView.swift */ = {isa = PBXFileReference; lastKnownFileType = sourcecode.swift; path = NibView.swift; sourceTree = "<group>"; };
		88D1F542B2F6267853A72A53 /* Pods_RealmDatabase.framework */ = {isa = PBXFileReference; explicitFileType = wrapper.framework; includeInIndex = 0; path = Pods_RealmDatabase.framework; sourceTree = BUILT_PRODUCTS_DIR; };
		941D6C023486B8F2B205045F /* Pods-RealmDatabase.release.xcconfig */ = {isa = PBXFileReference; includeInIndex = 1; lastKnownFileType = text.xcconfig; name = "Pods-RealmDatabase.release.xcconfig"; path = "Pods/Target Support Files/Pods-RealmDatabase/Pods-RealmDatabase.release.xcconfig"; sourceTree = "<group>"; };
/* End PBXFileReference section */

/* Begin PBXFrameworksBuildPhase section */
		572331281F67EB1400ECA78E /* Frameworks */ = {
			isa = PBXFrameworksBuildPhase;
			buildActionMask = 2147483647;
			files = (
				9A876986300E6FB761DEB7B7 /* Pods_RealmDatabase.framework in Frameworks */,
			);
			runOnlyForDeploymentPostprocessing = 0;
		};
/* End PBXFrameworksBuildPhase section */

/* Begin PBXGroup section */
		572331221F67EB1400ECA78E = {
			isa = PBXGroup;
			children = (
				5723312D1F67EB1400ECA78E /* RealmDatabase */,
				5723312C1F67EB1400ECA78E /* Products */,
				6F4A88AA3FDC0682C08B27C2 /* Pods */,
				BDA5ECD2D2739BC910D5C2EB /* Frameworks */,
			);
			sourceTree = "<group>";
		};
		5723312C1F67EB1400ECA78E /* Products */ = {
			isa = PBXGroup;
			children = (
				5723312B1F67EB1400ECA78E /* RealmDatabase.app */,
			);
			name = Products;
			sourceTree = "<group>";
		};
		5723312D1F67EB1400ECA78E /* RealmDatabase */ = {
			isa = PBXGroup;
			children = (
				5723312E1F67EB1400ECA78E /* AppDelegate.swift */,
				572331301F67EB1400ECA78E /* ViewController.swift */,
				572331321F67EB1400ECA78E /* Main.storyboard */,
				572331351F67EB1400ECA78E /* Assets.xcassets */,
				572331371F67EB1400ECA78E /* LaunchScreen.storyboard */,
				5723313A1F67EB1400ECA78E /* Info.plist */,
				572331401F67F96000ECA78E /* TestViewController.swift */,
				572331411F67F96000ECA78E /* TestViewController.xib */,
				572331441F68099F00ECA78E /* JsonRealmViewController.swift */,
				572331451F68099F00ECA78E /* JsonRealmViewController.xib */,
				5727ECBE1F692935003F65E2 /* LanguageModel.swift */,
				574288121FF21C3C006A19B5 /* NetworkView.xib */,
				574288141FF21CD6006A19B5 /* NetworkView.swift */,
				574288161FF21F42006A19B5 /* Helper.swift */,
				57B173981FF36E380003F853 /* NibView.swift */,
			);
			path = RealmDatabase;
			sourceTree = "<group>";
		};
		6F4A88AA3FDC0682C08B27C2 /* Pods */ = {
			isa = PBXGroup;
			children = (
				50C8DAB656E6EB7C776D875F /* Pods-RealmDatabase.debug.xcconfig */,
				941D6C023486B8F2B205045F /* Pods-RealmDatabase.release.xcconfig */,
			);
			name = Pods;
			sourceTree = "<group>";
		};
		BDA5ECD2D2739BC910D5C2EB /* Frameworks */ = {
			isa = PBXGroup;
			children = (
				88D1F542B2F6267853A72A53 /* Pods_RealmDatabase.framework */,
			);
			name = Frameworks;
			sourceTree = "<group>";
		};
/* End PBXGroup section */

/* Begin PBXNativeTarget section */
		5723312A1F67EB1400ECA78E /* RealmDatabase */ = {
			isa = PBXNativeTarget;
			buildConfigurationList = 5723313D1F67EB1400ECA78E /* Build configuration list for PBXNativeTarget "RealmDatabase" */;
			buildPhases = (
				6EA5A5F6D770B3C187909016 /* [CP] Check Pods Manifest.lock */,
				572331271F67EB1400ECA78E /* Sources */,
				572331281F67EB1400ECA78E /* Frameworks */,
				572331291F67EB1400ECA78E /* Resources */,
				B24B003312FD3B6BE3B205F5 /* [CP] Embed Pods Frameworks */,
				B9BCECC2B2FD60B4C605596E /* [CP] Copy Pods Resources */,
			);
			buildRules = (
			);
			dependencies = (
			);
			name = RealmDatabase;
			productName = RealmDatabase;
			productReference = 5723312B1F67EB1400ECA78E /* RealmDatabase.app */;
			productType = "com.apple.product-type.application";
		};
/* End PBXNativeTarget section */

/* Begin PBXProject section */
		572331231F67EB1400ECA78E /* Project object */ = {
			isa = PBXProject;
			attributes = {
				LastSwiftUpdateCheck = 0830;
				LastUpgradeCheck = 0830;
				ORGANIZATIONNAME = Dreamguys;
				TargetAttributes = {
					5723312A1F67EB1400ECA78E = {
						CreatedOnToolsVersion = 8.3.2;
						DevelopmentTeam = 9JG8M58UT7;
						ProvisioningStyle = Automatic;
					};
				};
			};
			buildConfigurationList = 572331261F67EB1400ECA78E /* Build configuration list for PBXProject "RealmDatabase" */;
			compatibilityVersion = "Xcode 3.2";
			developmentRegion = English;
			hasScannedForEncodings = 0;
			knownRegions = (
				en,
				Base,
			);
			mainGroup = 572331221F67EB1400ECA78E;
			productRefGroup = 5723312C1F67EB1400ECA78E /* Products */;
			projectDirPath = "";
			projectRoot = "";
			targets = (
				5723312A1F67EB1400ECA78E /* RealmDatabase */,
			);
		};
/* End PBXProject section */

/* Begin PBXResourcesBuildPhase section */
		572331291F67EB1400ECA78E /* Resources */ = {
			isa = PBXResourcesBuildPhase;
			buildActionMask = 2147483647;
			files = (
				572331391F67EB1400ECA78E /* LaunchScreen.storyboard in Resources */,
				574288131FF21C3C006A19B5 /* NetworkView.xib in Resources */,
				572331471F68099F00ECA78E /* JsonRealmViewController.xib in Resources */,
				572331361F67EB1400ECA78E /* Assets.xcassets in Resources */,
				572331431F67F96000ECA78E /* TestViewController.xib in Resources */,
				572331341F67EB1400ECA78E /* Main.storyboard in Resources */,
			);
			runOnlyForDeploymentPostprocessing = 0;
		};
/* End PBXResourcesBuildPhase section */

/* Begin PBXShellScriptBuildPhase section */
		6EA5A5F6D770B3C187909016 /* [CP] Check Pods Manifest.lock */ = {
			isa = PBXShellScriptBuildPhase;
			buildActionMask = 2147483647;
			files = (
			);
			inputPaths = (
			);
			name = "[CP] Check Pods Manifest.lock";
			outputPaths = (
			);
			runOnlyForDeploymentPostprocessing = 0;
			shellPath = /bin/sh;
			shellScript = "diff \"${PODS_PODFILE_DIR_PATH}/Podfile.lock\" \"${PODS_ROOT}/Manifest.lock\" > /dev/null\nif [ $? != 0 ] ; then\n    # print error to STDERR\n    echo \"error: The sandbox is not in sync with the Podfile.lock. Run 'pod install' or update your CocoaPods installation.\" >&2\n    exit 1\nfi\n";
			showEnvVarsInLog = 0;
		};
		B24B003312FD3B6BE3B205F5 /* [CP] Embed Pods Frameworks */ = {
			isa = PBXShellScriptBuildPhase;
			buildActionMask = 2147483647;
			files = (
			);
			inputPaths = (
			);
			name = "[CP] Embed Pods Frameworks";
			outputPaths = (
			);
			runOnlyForDeploymentPostprocessing = 0;
			shellPath = /bin/sh;
			shellScript = "\"${SRCROOT}/Pods/Target Support Files/Pods-RealmDatabase/Pods-RealmDatabase-frameworks.sh\"\n";
			showEnvVarsInLog = 0;
		};
		B9BCECC2B2FD60B4C605596E /* [CP] Copy Pods Resources */ = {
			isa = PBXShellScriptBuildPhase;
			buildActionMask = 2147483647;
			files = (
			);
			inputPaths = (
			);
			name = "[CP] Copy Pods Resources";
			outputPaths = (
			);
			runOnlyForDeploymentPostprocessing = 0;
			shellPath = /bin/sh;
			shellScript = "\"${SRCROOT}/Pods/Target Support Files/Pods-RealmDatabase/Pods-RealmDatabase-resources.sh\"\n";
			showEnvVarsInLog = 0;
		};
/* End PBXShellScriptBuildPhase section */

/* Begin PBXSourcesBuildPhase section */
		572331271F67EB1400ECA78E /* Sources */ = {
			isa = PBXSourcesBuildPhase;
			buildActionMask = 2147483647;
			files = (
				572331311F67EB1400ECA78E /* ViewController.swift in Sources */,
				574288171FF21F42006A19B5 /* Helper.swift in Sources */,
				572331421F67F96000ECA78E /* TestViewController.swift in Sources */,
				572331461F68099F00ECA78E /* JsonRealmViewController.swift in Sources */,
				57B173991FF36E380003F853 /* NibView.swift in Sources */,
				574288151FF21CD6006A19B5 /* NetworkView.swift in Sources */,
				5723312F1F67EB1400ECA78E /* AppDelegate.swift in Sources */,
				5727ECBF1F692935003F65E2 /* LanguageModel.swift in Sources */,
			);
			runOnlyForDeploymentPostprocessing = 0;
		};
/* End PBXSourcesBuildPhase section */

/* Begin PBXVariantGroup section */
		572331321F67EB1400ECA78E /* Main.storyboard */ = {
			isa = PBXVariantGroup;
			children = (
				572331331F67EB1400ECA78E /* Base */,
			);
			name = Main.storyboard;
			sourceTree = "<group>";
		};
		572331371F67EB1400ECA78E /* LaunchScreen.storyboard */ = {
			isa = PBXVariantGroup;
			children = (
				572331381F67EB1400ECA78E /* Base */,
			);
			name = LaunchScreen.storyboard;
			sourceTree = "<group>";
		};
/* End PBXVariantGroup section */

/* Begin XCBuildConfiguration section */
		5723313B1F67EB1400ECA78E /* Debug */ = {
			isa = XCBuildConfiguration;
			buildSettings = {
				ALWAYS_SEARCH_USER_PATHS = NO;
				CLANG_ANALYZER_NONNULL = YES;
				CLANG_ANALYZER_NUMBER_OBJECT_CONVERSION = YES_AGGRESSIVE;
				CLANG_CXX_LANGUAGE_STANDARD = "gnu++0x";
				CLANG_CXX_LIBRARY = "libc++";
				CLANG_ENABLE_MODULES = YES;
				CLANG_ENABLE_OBJC_ARC = YES;
				CLANG_WARN_BOOL_CONVERSION = YES;
				CLANG_WARN_CONSTANT_CONVERSION = YES;
				CLANG_WARN_DIRECT_OBJC_ISA_USAGE = YES_ERROR;
				CLANG_WARN_DOCUMENTATION_COMMENTS = YES;
				CLANG_WARN_EMPTY_BODY = YES;
				CLANG_WARN_ENUM_CONVERSION = YES;
				CLANG_WARN_INFINITE_RECURSION = YES;
				CLANG_WARN_INT_CONVERSION = YES;
				CLANG_WARN_OBJC_ROOT_CLASS = YES_ERROR;
				CLANG_WARN_SUSPICIOUS_MOVE = YES;
				CLANG_WARN_UNREACHABLE_CODE = YES;
				CLANG_WARN__DUPLICATE_METHOD_MATCH = YES;
				"CODE_SIGN_IDENTITY[sdk=iphoneos*]" = "iPhone Developer";
				COPY_PHASE_STRIP = NO;
				DEBUG_INFORMATION_FORMAT = dwarf;
				ENABLE_STRICT_OBJC_MSGSEND = YES;
				ENABLE_TESTABILITY = YES;
				GCC_C_LANGUAGE_STANDARD = gnu99;
				GCC_DYNAMIC_NO_PIC = NO;
				GCC_NO_COMMON_BLOCKS = YES;
				GCC_OPTIMIZATION_LEVEL = 0;
				GCC_PREPROCESSOR_DEFINITIONS = (
					"DEBUG=1",
					"$(inherited)",
				);
				GCC_WARN_64_TO_32_BIT_CONVERSION = YES;
				GCC_WARN_ABOUT_RETURN_TYPE = YES_ERROR;
				GCC_WARN_UNDECLARED_SELECTOR = YES;
				GCC_WARN_UNINITIALIZED_AUTOS = YES_AGGRESSIVE;
				GCC_WARN_UNUSED_FUNCTION = YES;
				GCC_WARN_UNUSED_VARIABLE = YES;
				IPHONEOS_DEPLOYMENT_TARGET = 10.3;
				MTL_ENABLE_DEBUG_INFO = YES;
				ONLY_ACTIVE_ARCH = YES;
				SDKROOT = iphoneos;
				SWIFT_ACTIVE_COMPILATION_CONDITIONS = DEBUG;
				SWIFT_OPTIMIZATION_LEVEL = "-Onone";
			};
			name = Debug;
		};
		5723313C1F67EB1400ECA78E /* Release */ = {
			isa = XCBuildConfiguration;
			buildSettings = {
				ALWAYS_SEARCH_USER_PATHS = NO;
				CLANG_ANALYZER_NONNULL = YES;
				CLANG_ANALYZER_NUMBER_OBJECT_CONVERSION = YES_AGGRESSIVE;
				CLANG_CXX_LANGUAGE_STANDARD = "gnu++0x";
				CLANG_CXX_LIBRARY = "libc++";
				CLANG_ENABLE_MODULES = YES;
				CLANG_ENABLE_OBJC_ARC = YES;
				CLANG_WARN_BOOL_CONVERSION = YES;
				CLANG_WARN_CONSTANT_CONVERSION = YES;
				CLANG_WARN_DIRECT_OBJC_ISA_USAGE = YES_ERROR;
				CLANG_WARN_DOCUMENTATION_COMMENTS = YES;
				CLANG_WARN_EMPTY_BODY = YES;
				CLANG_WARN_ENUM_CONVERSION = YES;
				CLANG_WARN_INFINITE_RECURSION = YES;
				CLANG_WARN_INT_CONVERSION = YES;
				CLANG_WARN_OBJC_ROOT_CLASS = YES_ERROR;
				CLANG_WARN_SUSPICIOUS_MOVE = YES;
				CLANG_WARN_UNREACHABLE_CODE = YES;
				CLANG_WARN__DUPLICATE_METHOD_MATCH = YES;
				"CODE_SIGN_IDENTITY[sdk=iphoneos*]" = "iPhone Developer";
				COPY_PHASE_STRIP = NO;
				DEBUG_INFORMATION_FORMAT = "dwarf-with-dsym";
				ENABLE_NS_ASSERTIONS = NO;
				ENABLE_STRICT_OBJC_MSGSEND = YES;
				GCC_C_LANGUAGE_STANDARD = gnu99;
				GCC_NO_COMMON_BLOCKS = YES;
				GCC_WARN_64_TO_32_BIT_CONVERSION = YES;
				GCC_WARN_ABOUT_RETURN_TYPE = YES_ERROR;
				GCC_WARN_UNDECLARED_SELECTOR = YES;
				GCC_WARN_UNINITIALIZED_AUTOS = YES_AGGRESSIVE;
				GCC_WARN_UNUSED_FUNCTION = YES;
				GCC_WARN_UNUSED_VARIABLE = YES;
				IPHONEOS_DEPLOYMENT_TARGET = 10.3;
				MTL_ENABLE_DEBUG_INFO = NO;
				SDKROOT = iphoneos;
				SWIFT_OPTIMIZATION_LEVEL = "-Owholemodule";
				VALIDATE_PRODUCT = YES;
			};
			name = Release;
		};
		5723313E1F67EB1400ECA78E /* Debug */ = {
			isa = XCBuildConfiguration;
			baseConfigurationReference = 50C8DAB656E6EB7C776D875F /* Pods-RealmDatabase.debug.xcconfig */;
			buildSettings = {
				ASSETCATALOG_COMPILER_APPICON_NAME = AppIcon;
				"CODE_SIGN_IDENTITY[sdk=iphoneos*]" = "iPhone Developer";
				DEVELOPMENT_TEAM = 9JG8M58UT7;
				INFOPLIST_FILE = RealmDatabase/Info.plist;
				IPHONEOS_DEPLOYMENT_TARGET = 9.0;
				LD_RUNPATH_SEARCH_PATHS = "$(inherited) @executable_path/Frameworks";
				PRODUCT_BUNDLE_IDENTIFIER = com.HealtyVillagee.Yosi;
				PRODUCT_NAME = "$(TARGET_NAME)";
				PROVISIONING_PROFILE_SPECIFIER = "";
				SWIFT_VERSION = 3.0;
				TARGETED_DEVICE_FAMILY = "1,2";
			};
			name = Debug;
		};
		5723313F1F67EB1400ECA78E /* Release */ = {
			isa = XCBuildConfiguration;
			baseConfigurationReference = 941D6C023486B8F2B205045F /* Pods-RealmDatabase.release.xcconfig */;
			buildSettings = {
				ASSETCATALOG_COMPILER_APPICON_NAME = AppIcon;
				"CODE_SIGN_IDENTITY[sdk=iphoneos*]" = "iPhone Developer";
				DEVELOPMENT_TEAM = 9JG8M58UT7;
				INFOPLIST_FILE = RealmDatabase/Info.plist;
				IPHONEOS_DEPLOYMENT_TARGET = 9.0;
				LD_RUNPATH_SEARCH_PATHS = "$(inherited) @executable_path/Frameworks";
				PRODUCT_BUNDLE_IDENTIFIER = com.HealtyVillagee.Yosi;
				PRODUCT_NAME = "$(TARGET_NAME)";
				PROVISIONING_PROFILE_SPECIFIER = "";
				SWIFT_VERSION = 3.0;
				TARGETED_DEVICE_FAMILY = "1,2";
			};
			name = Release;
		};
/* End XCBuildConfiguration section */

/* Begin XCConfigurationList section */
		572331261F67EB1400ECA78E /* Build configuration list for PBXProject "RealmDatabase" */ = {
			isa = XCConfigurationList;
			buildConfigurations = (
				5723313B1F67EB1400ECA78E /* Debug */,
				5723313C1F67EB1400ECA78E /* Release */,
			);
			defaultConfigurationIsVisible = 0;
			defaultConfigurationName = Release;
		};
		5723313D1F67EB1400ECA78E /* Build configuration list for PBXNativeTarget "RealmDatabase" */ = {
			isa = XCConfigurationList;
			buildConfigurations = (
				5723313E1F67EB1400ECA78E /* Debug */,
				5723313F1F67EB1400ECA78E /* Release */,
			);
			defaultConfigurationIsVisible = 0;
			defaultConfigurationName = Release;
		};
/* End XCConfigurationList section */
	};
	rootObject = 572331231F67EB1400ECA78E /* Project object */;
}
