// !$*UTF8*$!
{
	archiveVersion = 1;
	classes = {
	};
	objectVersion = 46;
	objects = {

/* Begin PBXBuildFile section */
		57EAF5681F174C67005A57D4 /* main.m in Sources */ = {isa = PBXBuildFile; fileRef = 57EAF5671F174C67005A57D4 /* main.m */; };
		57EAF56B1F174C67005A57D4 /* AppDelegate.m in Sources */ = {isa = PBXBuildFile; fileRef = 57EAF56A1F174C67005A57D4 /* AppDelegate.m */; };
		57EAF56E1F174C67005A57D4 /* ViewController.m in Sources */ = {isa = PBXBuildFile; fileRef = 57EAF56D1F174C67005A57D4 /* ViewController.m */; };
		57EAF5711F174C67005A57D4 /* Main.storyboard in Resources */ = {isa = PBXBuildFile; fileRef = 57EAF56F1F174C67005A57D4 /* Main.storyboard */; };
		57EAF5731F174C67005A57D4 /* Assets.xcassets in Resources */ = {isa = PBXBuildFile; fileRef = 57EAF5721F174C67005A57D4 /* Assets.xcassets */; };
		57EAF5761F174C67005A57D4 /* LaunchScreen.storyboard in Resources */ = {isa = PBXBuildFile; fileRef = 57EAF5741F174C67005A57D4 /* LaunchScreen.storyboard */; };
/* End PBXBuildFile section */

/* Begin PBXFileReference section */
		57EAF5631F174C67005A57D4 /* SpeechToText.app */ = {isa = PBXFileReference; explicitFileType = wrapper.application; includeInIndex = 0; path = SpeechToText.app; sourceTree = BUILT_PRODUCTS_DIR; };
		57EAF5671F174C67005A57D4 /* main.m */ = {isa = PBXFileReference; lastKnownFileType = sourcecode.c.objc; path = main.m; sourceTree = "<group>"; };
		57EAF5691F174C67005A57D4 /* AppDelegate.h */ = {isa = PBXFileReference; lastKnownFileType = sourcecode.c.h; path = AppDelegate.h; sourceTree = "<group>"; };
		57EAF56A1F174C67005A57D4 /* AppDelegate.m */ = {isa = PBXFileReference; lastKnownFileType = sourcecode.c.objc; path = AppDelegate.m; sourceTree = "<group>"; };
		57EAF56C1F174C67005A57D4 /* ViewController.h */ = {isa = PBXFileReference; lastKnownFileType = sourcecode.c.h; path = ViewController.h; sourceTree = "<group>"; };
		57EAF56D1F174C67005A57D4 /* ViewController.m */ = {isa = PBXFileReference; lastKnownFileType = sourcecode.c.objc; path = ViewController.m; sourceTree = "<group>"; };
		57EAF5701F174C67005A57D4 /* Base */ = {isa = PBXFileReference; lastKnownFileType = file.storyboard; name = Base; path = Base.lproj/Main.storyboard; sourceTree = "<group>"; };
		57EAF5721F174C67005A57D4 /* Assets.xcassets */ = {isa = PBXFileReference; lastKnownFileType = folder.assetcatalog; path = Assets.xcassets; sourceTree = "<group>"; };
		57EAF5751F174C67005A57D4 /* Base */ = {isa = PBXFileReference; lastKnownFileType = file.storyboard; name = Base; path = Base.lproj/LaunchScreen.storyboard; sourceTree = "<group>"; };
		57EAF5771F174C67005A57D4 /* Info.plist */ = {isa = PBXFileReference; lastKnownFileType = text.plist.xml; path = Info.plist; sourceTree = "<group>"; };
/* End PBXFileReference section */

/* Begin PBXFrameworksBuildPhase section */
		57EAF5601F174C67005A57D4 /* Frameworks */ = {
			isa = PBXFrameworksBuildPhase;
			buildActionMask = 2147483647;
			files = (
			);
			runOnlyForDeploymentPostprocessing = 0;
		};
/* End PBXFrameworksBuildPhase section */

/* Begin PBXGroup section */
		57EAF55A1F174C67005A57D4 = {
			isa = PBXGroup;
			children = (
				57EAF5651F174C67005A57D4 /* SpeechToText */,
				57EAF5641F174C67005A57D4 /* Products */,
			);
			sourceTree = "<group>";
		};
		57EAF5641F174C67005A57D4 /* Products */ = {
			isa = PBXGroup;
			children = (
				57EAF5631F174C67005A57D4 /* SpeechToText.app */,
			);
			name = Products;
			sourceTree = "<group>";
		};
		57EAF5651F174C67005A57D4 /* SpeechToText */ = {
			isa = PBXGroup;
			children = (
				57EAF5691F174C67005A57D4 /* AppDelegate.h */,
				57EAF56A1F174C67005A57D4 /* AppDelegate.m */,
				57EAF56C1F174C67005A57D4 /* ViewController.h */,
				57EAF56D1F174C67005A57D4 /* ViewController.m */,
				57EAF56F1F174C67005A57D4 /* Main.storyboard */,
				57EAF5721F174C67005A57D4 /* Assets.xcassets */,
				57EAF5741F174C67005A57D4 /* LaunchScreen.storyboard */,
				57EAF5771F174C67005A57D4 /* Info.plist */,
				57EAF5661F174C67005A57D4 /* Supporting Files */,
			);
			path = SpeechToText;
			sourceTree = "<group>";
		};
		57EAF5661F174C67005A57D4 /* Supporting Files */ = {
			isa = PBXGroup;
			children = (
				57EAF5671F174C67005A57D4 /* main.m */,
			);
			name = "Supporting Files";
			sourceTree = "<group>";
		};
/* End PBXGroup section */

/* Begin PBXNativeTarget section */
		57EAF5621F174C67005A57D4 /* SpeechToText */ = {
			isa = PBXNativeTarget;
			buildConfigurationList = 57EAF57A1F174C67005A57D4 /* Build configuration list for PBXNativeTarget "SpeechToText" */;
			buildPhases = (
				57EAF55F1F174C67005A57D4 /* Sources */,
				57EAF5601F174C67005A57D4 /* Frameworks */,
				57EAF5611F174C67005A57D4 /* Resources */,
			);
			buildRules = (
			);
			dependencies = (
			);
			name = SpeechToText;
			productName = SpeechToText;
			productReference = 57EAF5631F174C67005A57D4 /* SpeechToText.app */;
			productType = "com.apple.product-type.application";
		};
/* End PBXNativeTarget section */

/* Begin PBXProject section */
		57EAF55B1F174C67005A57D4 /* Project object */ = {
			isa = PBXProject;
			attributes = {
				LastUpgradeCheck = 0830;
				ORGANIZATIONNAME = Dreamguys;
				TargetAttributes = {
					57EAF5621F174C67005A57D4 = {
						CreatedOnToolsVersion = 8.3.2;
						ProvisioningStyle = Manual;
					};
				};
			};
			buildConfigurationList = 57EAF55E1F174C67005A57D4 /* Build configuration list for PBXProject "SpeechToText" */;
			compatibilityVersion = "Xcode 3.2";
			developmentRegion = English;
			hasScannedForEncodings = 0;
			knownRegions = (
				en,
				Base,
			);
			mainGroup = 57EAF55A1F174C67005A57D4;
			productRefGroup = 57EAF5641F174C67005A57D4 /* Products */;
			projectDirPath = "";
			projectRoot = "";
			targets = (
				57EAF5621F174C67005A57D4 /* SpeechToText */,
			);
		};
/* End PBXProject section */

/* Begin PBXResourcesBuildPhase section */
		57EAF5611F174C67005A57D4 /* Resources */ = {
			isa = PBXResourcesBuildPhase;
			buildActionMask = 2147483647;
			files = (
				57EAF5761F174C67005A57D4 /* LaunchScreen.storyboard in Resources */,
				57EAF5731F174C67005A57D4 /* Assets.xcassets in Resources */,
				57EAF5711F174C67005A57D4 /* Main.storyboard in Resources */,
			);
			runOnlyForDeploymentPostprocessing = 0;
		};
/* End PBXResourcesBuildPhase section */

/* Begin PBXSourcesBuildPhase section */
		57EAF55F1F174C67005A57D4 /* Sources */ = {
			isa = PBXSourcesBuildPhase;
			buildActionMask = 2147483647;
			files = (
				57EAF56E1F174C67005A57D4 /* ViewController.m in Sources */,
				57EAF56B1F174C67005A57D4 /* AppDelegate.m in Sources */,
				57EAF5681F174C67005A57D4 /* main.m in Sources */,
			);
			runOnlyForDeploymentPostprocessing = 0;
		};
/* End PBXSourcesBuildPhase section */

/* Begin PBXVariantGroup section */
		57EAF56F1F174C67005A57D4 /* Main.storyboard */ = {
			isa = PBXVariantGroup;
			children = (
				57EAF5701F174C67005A57D4 /* Base */,
			);
			name = Main.storyboard;
			sourceTree = "<group>";
		};
		57EAF5741F174C67005A57D4 /* LaunchScreen.storyboard */ = {
			isa = PBXVariantGroup;
			children = (
				57EAF5751F174C67005A57D4 /* Base */,
			);
			name = LaunchScreen.storyboard;
			sourceTree = "<group>";
		};
/* End PBXVariantGroup section */

/* Begin XCBuildConfiguration section */
		57EAF5781F174C67005A57D4 /* Debug */ = {
			isa = XCBuildConfiguration;
			buildSettings = {
				ALWAYS_SEARCH_USER_PATHS = NO;
				CLANG_ANALYZER_NONNULL = YES;
				CLANG_ANALYZER_NUMBER_OBJECT_CONVERSION = YES_AGGRESSIVE;
				CLANG_CXX_LANGUAGE_STANDARD = "gnu++0x";
				CLANG_CXX_LIBRARY = "libc++";
				CLANG_ENABLE_MODULES = YES;
				CLANG_ENABLE_OBJC_ARC = YES;
				CLANG_WARN_BOOL_CONVERSION = YES;
				CLANG_WARN_CONSTANT_CONVERSION = YES;
				CLANG_WARN_DIRECT_OBJC_ISA_USAGE = YES_ERROR;
				CLANG_WARN_DOCUMENTATION_COMMENTS = YES;
				CLANG_WARN_EMPTY_BODY = YES;
				CLANG_WARN_ENUM_CONVERSION = YES;
				CLANG_WARN_INFINITE_RECURSION = YES;
				CLANG_WARN_INT_CONVERSION = YES;
				CLANG_WARN_OBJC_ROOT_CLASS = YES_ERROR;
				CLANG_WARN_SUSPICIOUS_MOVE = YES;
				CLANG_WARN_UNREACHABLE_CODE = YES;
				CLANG_WARN__DUPLICATE_METHOD_MATCH = YES;
				"CODE_SIGN_IDENTITY[sdk=iphoneos*]" = "iPhone Developer";
				COPY_PHASE_STRIP = NO;
				DEBUG_INFORMATION_FORMAT = dwarf;
				ENABLE_STRICT_OBJC_MSGSEND = YES;
				ENABLE_TESTABILITY = YES;
				GCC_C_LANGUAGE_STANDARD = gnu99;
				GCC_DYNAMIC_NO_PIC = NO;
				GCC_NO_COMMON_BLOCKS = YES;
				GCC_OPTIMIZATION_LEVEL = 0;
				GCC_PREPROCESSOR_DEFINITIONS = (
					"DEBUG=1",
					"$(inherited)",
				);
				GCC_WARN_64_TO_32_BIT_CONVERSION = YES;
				GCC_WARN_ABOUT_RETURN_TYPE = YES_ERROR;
				GCC_WARN_UNDECLARED_SELECTOR = YES;
				GCC_WARN_UNINITIALIZED_AUTOS = YES_AGGRESSIVE;
				GCC_WARN_UNUSED_FUNCTION = YES;
				GCC_WARN_UNUSED_VARIABLE = YES;
				IPHONEOS_DEPLOYMENT_TARGET = 10.3;
				MTL_ENABLE_DEBUG_INFO = YES;
				ONLY_ACTIVE_ARCH = YES;
				SDKROOT = iphoneos;
			};
			name = Debug;
		};
		57EAF5791F174C67005A57D4 /* Release */ = {
			isa = XCBuildConfiguration;
			buildSettings = {
				ALWAYS_SEARCH_USER_PATHS = NO;
				CLANG_ANALYZER_NONNULL = YES;
				CLANG_ANALYZER_NUMBER_OBJECT_CONVERSION = YES_AGGRESSIVE;
				CLANG_CXX_LANGUAGE_STANDARD = "gnu++0x";
				CLANG_CXX_LIBRARY = "libc++";
				CLANG_ENABLE_MODULES = YES;
				CLANG_ENABLE_OBJC_ARC = YES;
				CLANG_WARN_BOOL_CONVERSION = YES;
				CLANG_WARN_CONSTANT_CONVERSION = YES;
				CLANG_WARN_DIRECT_OBJC_ISA_USAGE = YES_ERROR;
				CLANG_WARN_DOCUMENTATION_COMMENTS = YES;
				CLANG_WARN_EMPTY_BODY = YES;
				CLANG_WARN_ENUM_CONVERSION = YES;
				CLANG_WARN_INFINITE_RECURSION = YES;
				CLANG_WARN_INT_CONVERSION = YES;
				CLANG_WARN_OBJC_ROOT_CLASS = YES_ERROR;
				CLANG_WARN_SUSPICIOUS_MOVE = YES;
				CLANG_WARN_UNREACHABLE_CODE = YES;
				CLANG_WARN__DUPLICATE_METHOD_MATCH = YES;
				"CODE_SIGN_IDENTITY[sdk=iphoneos*]" = "iPhone Developer";
				COPY_PHASE_STRIP = NO;
				DEBUG_INFORMATION_FORMAT = "dwarf-with-dsym";
				ENABLE_NS_ASSERTIONS = NO;
				ENABLE_STRICT_OBJC_MSGSEND = YES;
				GCC_C_LANGUAGE_STANDARD = gnu99;
				GCC_NO_COMMON_BLOCKS = YES;
				GCC_WARN_64_TO_32_BIT_CONVERSION = YES;
				GCC_WARN_ABOUT_RETURN_TYPE = YES_ERROR;
				GCC_WARN_UNDECLARED_SELECTOR = YES;
				GCC_WARN_UNINITIALIZED_AUTOS = YES_AGGRESSIVE;
				GCC_WARN_UNUSED_FUNCTION = YES;
				GCC_WARN_UNUSED_VARIABLE = YES;
				IPHONEOS_DEPLOYMENT_TARGET = 10.3;
				MTL_ENABLE_DEBUG_INFO = NO;
				SDKROOT = iphoneos;
				VALIDATE_PRODUCT = YES;
			};
			name = Release;
		};
		57EAF57B1F174C67005A57D4 /* Debug */ = {
			isa = XCBuildConfiguration;
			buildSettings = {
				ASSETCATALOG_COMPILER_APPICON_NAME = AppIcon;
				DEVELOPMENT_TEAM = "";
				INFOPLIST_FILE = SpeechToText/Info.plist;
				IPHONEOS_DEPLOYMENT_TARGET = 9;
				LD_RUNPATH_SEARCH_PATHS = "$(inherited) @executable_path/Frameworks";
				PRODUCT_BUNDLE_IDENTIFIER = com.Dreamguys.SpeechToText;
				PRODUCT_NAME = "$(TARGET_NAME)";
				PROVISIONING_PROFILE_SPECIFIER = "";
			};
			name = Debug;
		};
		57EAF57C1F174C67005A57D4 /* Release */ = {
			isa = XCBuildConfiguration;
			buildSettings = {
				ASSETCATALOG_COMPILER_APPICON_NAME = AppIcon;
				DEVELOPMENT_TEAM = "";
				INFOPLIST_FILE = SpeechToText/Info.plist;
				IPHONEOS_DEPLOYMENT_TARGET = 9;
				LD_RUNPATH_SEARCH_PATHS = "$(inherited) @executable_path/Frameworks";
				PRODUCT_BUNDLE_IDENTIFIER = com.Dreamguys.SpeechToText;
				PRODUCT_NAME = "$(TARGET_NAME)";
				PROVISIONING_PROFILE_SPECIFIER = "";
			};
			name = Release;
		};
/* End XCBuildConfiguration section */

/* Begin XCConfigurationList section */
		57EAF55E1F174C67005A57D4 /* Build configuration list for PBXProject "SpeechToText" */ = {
			isa = XCConfigurationList;
			buildConfigurations = (
				57EAF5781F174C67005A57D4 /* Debug */,
				57EAF5791F174C67005A57D4 /* Release */,
			);
			defaultConfigurationIsVisible = 0;
			defaultConfigurationName = Release;
		};
		57EAF57A1F174C67005A57D4 /* Build configuration list for PBXNativeTarget "SpeechToText" */ = {
			isa = XCConfigurationList;
			buildConfigurations = (
				57EAF57B1F174C67005A57D4 /* Debug */,
				57EAF57C1F174C67005A57D4 /* Release */,
			);
			defaultConfigurationIsVisible = 0;
		};
/* End XCConfigurationList section */
	};
	rootObject = 57EAF55B1F174C67005A57D4 /* Project object */;
}
